PODS:
  - DocumentDetector (4.5.0):
    - Sentry (= 7.1.3)
    - TensorFlowLiteSwift (= 2.4.0)
  - FaceAuthenticator (2.4.0):
    - Sentry (= 7.1.3)
  - PassiveFaceLiveness (3.4.0):
    - Sentry (= 7.1.3)
  - Sentry (7.1.3):
    - Sentry/Core (= 7.1.3)
  - Sentry/Core (7.1.3)
  - TensorFlowLiteC (2.4.0):
    - TensorFlowLiteC/Core (= 2.4.0)
  - TensorFlowLiteC/Core (2.4.0)
  - TensorFlowLiteSwift (2.4.0):
    - TensorFlowLiteSwift/Core (= 2.4.0)
  - TensorFlowLiteSwift/Core (2.4.0):
    - TensorFlowLiteC (= 2.4.0)

DEPENDENCIES:
  - DocumentDetector (from `Modules/DocumentDetector`)
  - FaceAuthenticator (from `Modules/FaceAuthenticator`)
  - PassiveFaceLiveness (from `Modules/PassiveFaceLiveness`)

SPEC REPOS:
  trunk:
    - Sentry
    - TensorFlowLiteC
    - TensorFlowLiteSwift

EXTERNAL SOURCES:
  DocumentDetector:
    :path: Modules/DocumentDetector
  FaceAuthenticator:
    :path: Modules/FaceAuthenticator
  PassiveFaceLiveness:
    :path: Modules/PassiveFaceLiveness

SPEC CHECKSUMS:
  DocumentDetector: 3f7040e100c67997e6a0d88ce943119f05ad16da
  FaceAuthenticator: d70f301830e8880fdd099632b4a891e3ef7f7a23
  PassiveFaceLiveness: 02a1a3f5bdc811a8b4d4e03a3a03f1e3198f6e6a
  Sentry: 6d963d64804dd06d96e778be729613f481394312
  TensorFlowLiteC: 09f8ac75a76caeadb19bcfa694e97454cc1ecf87
  TensorFlowLiteSwift: f062dc1178120100d825d7799fd9f115b4a37fee

PODFILE CHECKSUM: 7b18a33d509a673e623a846a2ddf25be4dc8bb3c

COCOAPODS: 1.10.1
